
Microsoft Visual Studio Solution File, Format Version 12.00
# Visual Studio Version 16
VisualStudioVersion = 16.0.30611.23
MinimumVisualStudioVersion = 10.0.40219.1
Project("{FAE04EC0-301F-11D3-BF4B-00C04F79EFBC}") = "FoApp.BL", "FoApp.BL\FoApp.BL.csproj", "{F89E69D4-2719-404F-ABD6-6C9167D7C0EB}"
EndProject
Project("{FAE04EC0-301F-11D3-BF4B-00C04F79EFBC}") = "FiApp.CMD", "FiApp.CMD\FiApp.CMD.csproj", "{F9A83FF9-8BC7-472E-8543-26394D3FB34C}"
EndProject
Global
	GlobalSection(SolutionConfigurationPlatforms) = preSolution
		Debug|Any CPU = Debug|Any CPU
		Release|Any CPU = Release|Any CPU
	EndGlobalSection
	GlobalSection(ProjectConfigurationPlatforms) = postSolution
		{F89E69D4-2719-404F-ABD6-6C9167D7C0EB}.Debug|Any CPU.ActiveCfg = Debug|Any CPU
		{F89E69D4-2719-404F-ABD6-6C9167D7C0EB}.Debug|Any CPU.Build.0 = Debug|Any CPU
		{F89E69D4-2719-404F-ABD6-6C9167D7C0EB}.Release|Any CPU.ActiveCfg = Release|Any CPU
		{F89E69D4-2719-404F-ABD6-6C9167D7C0EB}.Release|Any CPU.Build.0 = Release|Any CPU
		{F9A83FF9-8BC7-472E-8543-26394D3FB34C}.Debug|Any CPU.ActiveCfg = Debug|Any CPU
		{F9A83FF9-8BC7-472E-8543-26394D3FB34C}.Debug|Any CPU.Build.0 = Debug|Any CPU
		{F9A83FF9-8BC7-472E-8543-26394D3FB34C}.Release|Any CPU.ActiveCfg = Release|Any CPU
		{F9A83FF9-8BC7-472E-8543-26394D3FB34C}.Release|Any CPU.Build.0 = Release|Any CPU
	EndGlobalSection
	GlobalSection(SolutionProperties) = preSolution
		HideSolutionNode = FALSE
	EndGlobalSection
	GlobalSection(ExtensibilityGlobals) = postSolution
		SolutionGuid = {6E762352-E899-4E40-AA1C-ED9AD62EFACC}
	EndGlobalSection
EndGlobal
